
Microsoft Visual Studio Solution File, Format Version 12.00
# Visual Studio Version 17
VisualStudioVersion = 17.11.35303.130
MinimumVisualStudioVersion = 10.0.40219.1
Project("{FAE04EC0-301F-11D3-BF4B-00C04F79EFBC}") = "FitTrack", "FitTrack\FitTrack.csproj", "{FE018345-1A76-480E-AE1C-F5DF5246DF63}"
EndProject
Global
	GlobalSection(SolutionConfigurationPlatforms) = preSolution
		Debug|Any CPU = Debug|Any CPU
		Release|Any CPU = Release|Any CPU
	EndGlobalSection
	GlobalSection(ProjectConfigurationPlatforms) = postSolution
		{FE018345-1A76-480E-AE1C-F5DF5246DF63}.Debug|Any CPU.ActiveCfg = Debug|Any CPU
		{FE018345-1A76-480E-AE1C-F5DF5246DF63}.Debug|Any CPU.Build.0 = Debug|Any CPU
		{FE018345-1A76-480E-AE1C-F5DF5246DF63}.Release|Any CPU.ActiveCfg = Release|Any CPU
		{FE018345-1A76-480E-AE1C-F5DF5246DF63}.Release|Any CPU.Build.0 = Release|Any CPU
	EndGlobalSection
	GlobalSection(SolutionProperties) = preSolution
		HideSolutionNode = FALSE
	EndGlobalSection
	GlobalSection(ExtensibilityGlobals) = postSolution
		SolutionGuid = {A12AB907-203B-4784-8324-1A3FD0D111F9}
	EndGlobalSection
EndGlobal
